
Microsoft Visual Studio Solution File, Format Version 12.00
Project("{FAE04EC0-301F-11D3-BF4B-00C04F79EFBC}") = "api", "api\api.csproj", "{51F0833D-8214-4AE5-ACDA-12D63499FBB7}"
EndProject
Project("{2150E333-8FDC-42A3-9474-1A3956D46DE8}") = "Solution Items", "Solution Items", "{BC0270B4-1B72-410D-B858-5F6853CAF3C7}"
EndProject
Project("{FAE04EC0-301F-11D3-BF4B-00C04F79EFBC}") = "tests", "tests\tests.csproj", "{204BAF4B-9E72-433F-90AE-948DAE778912}"
EndProject
Global
	GlobalSection(SolutionConfigurationPlatforms) = preSolution
		Debug|Any CPU = Debug|Any CPU
		Release|Any CPU = Release|Any CPU
	EndGlobalSection
	GlobalSection(ProjectConfigurationPlatforms) = postSolution
		{51F0833D-8214-4AE5-ACDA-12D63499FBB7}.Debug|Any CPU.ActiveCfg = Debug|Any CPU
		{51F0833D-8214-4AE5-ACDA-12D63499FBB7}.Debug|Any CPU.Build.0 = Debug|Any CPU
		{51F0833D-8214-4AE5-ACDA-12D63499FBB7}.Release|Any CPU.ActiveCfg = Release|Any CPU
		{51F0833D-8214-4AE5-ACDA-12D63499FBB7}.Release|Any CPU.Build.0 = Release|Any CPU
		{204BAF4B-9E72-433F-90AE-948DAE778912}.Debug|Any CPU.ActiveCfg = Debug|Any CPU
		{204BAF4B-9E72-433F-90AE-948DAE778912}.Debug|Any CPU.Build.0 = Debug|Any CPU
		{204BAF4B-9E72-433F-90AE-948DAE778912}.Release|Any CPU.ActiveCfg = Release|Any CPU
		{204BAF4B-9E72-433F-90AE-948DAE778912}.Release|Any CPU.Build.0 = Release|Any CPU
	EndGlobalSection
EndGlobal
