{
  "version": 4,
  "terraform_version": "1.9.8",
  "serial": 47,
  "lineage": "81216c2e-9ace-bd24-9a64-59320b4c1282",
  "outputs": {},
  "resources": [
    {
      "mode": "data",
      "type": "digitalocean_ssh_key",
      "name": "devops",
      "provider": "provider[\"registry.terraform.io/digitalocean/digitalocean\"]",
      "instances": [
        {
          "schema_version": 0,
          "attributes": {
            "fingerprint": "01:c8:65:1e:45:df:66:b3:1d:34:61:f0:dd:8d:50:33",
            "id": 43544937,
            "name": "devops",
            "public_key": "ssh-rsa AAAAB3NzaC1yc2EAAAADAQABAAACAQDaY2E0y2iXN7GNTw3X6v3Omtjzktf6o2mmmTMg3x9uOKefe2/dyHfKX1fIZy3Bpp2hMxYK0j5tdIgCOPTwDoRzZ8Sp1RpwJUTKAZtX9wzG2yrbSpdEOlyQUFKVmg/rM2Y/46D3CkhuacKKTCkDCuHW+aBM9OE2DN0II1kyzNku+lEmYNlCjCUHwRVbesrdnw1Ip6+mk5XDMHBJCdaQN0+y7wjrP3rifHR5ubf/KGilpvvEIRPZsUR/6Hdr5C0m4bk1g1ihJMZ5SQ+o84XqC55TF+qQqMXn5tz8SNfKTKfY5qbqO06zykep1rfB2WB2Rz529YndHgpPbYeOzB9Q7WTrAXZa84l7Ckh/Zqa7j/l65kAYM/z/y4Z2lOY4qSGMDebiUJpJSGd+UtBk6y37aTX3nlmp2PPcekZmmvFfWmTtVLS7TlWvdoJ6PbxA+4BzhrYI8Yw+5sZCqr5ZsXMYHbJdxjUhP6FeXuUxDjG5QwnPrhQB447iZrAxtyMgBwZ9avNBqBfRO+i1yXFLaJIpX8GKlWsm5kSlZ3XhkEAApGJF6yyzvHpJegH9Luk/NxRhvaQpPR5KPOQaensbq4X/tUSVnX4dGi5JCaxtSmqKp4JbMVMI5ZsLJfCgkWyhNP34ZoQ9FzEMj0q4Bi9A1If5mbgqyMhCuxV9Fx8VIjCLO3f+7Q== forke@DESKTOP-68BLBQK"
          },
          "sensitive_attributes": []
        }
      ]
    },
    {
      "mode": "managed",
      "type": "digitalocean_droplet",
      "name": "app-production",
      "provider": "provider[\"registry.terraform.io/digitalocean/digitalocean\"]",
      "instances": [
        {
          "schema_version": 1,
          "attributes": {
            "backup_policy": [
              {
                "hour": 8,
                "plan": "weekly",
                "weekday": "TUE"
              }
            ],
            "backups": true,
            "created_at": "2024-11-26T17:51:25Z",
            "disk": 80,
            "droplet_agent": null,
            "graceful_shutdown": false,
            "id": "460087196",
            "image": "ubuntu-24-10-x64",
            "ipv4_address": "104.248.24.71",
            "ipv4_address_private": "10.114.0.3",
            "ipv6": false,
            "ipv6_address": "",
            "locked": false,
            "memory": 4096,
            "monitoring": false,
            "name": "app-production",
            "price_hourly": 0.03571,
            "price_monthly": 24,
            "private_networking": true,
            "region": "fra1",
            "resize_disk": true,
            "size": "s-2vcpu-4gb",
            "ssh_keys": [
              "43544937"
            ],
            "status": "active",
            "tags": null,
            "timeouts": null,
            "urn": "do:droplet:460087196",
            "user_data": null,
            "vcpus": 2,
            "volume_ids": [],
            "vpc_uuid": "36908f00-21f9-465b-b025-6168e53456c5"
          },
          "sensitive_attributes": [],
          "private": "eyJlMmJmYjczMC1lY2FhLTExZTYtOGY4OC0zNDM2M2JjN2M0YzAiOnsiY3JlYXRlIjozNjAwMDAwMDAwMDAwLCJkZWxldGUiOjYwMDAwMDAwMDAwLCJ1cGRhdGUiOjM2MDAwMDAwMDAwMDB9LCJzY2hlbWFfdmVyc2lvbiI6IjEifQ==",
          "dependencies": [
            "data.digitalocean_ssh_key.devops"
          ]
        }
      ]
    },
    {
      "mode": "managed",
      "type": "digitalocean_droplet",
      "name": "monitoring",
      "provider": "provider[\"registry.terraform.io/digitalocean/digitalocean\"]",
      "instances": [
        {
          "schema_version": 1,
          "attributes": {
            "backup_policy": [
              {
                "hour": 8,
                "plan": "weekly",
                "weekday": "TUE"
              }
            ],
            "backups": true,
            "created_at": "2024-11-26T17:51:26Z",
            "disk": 60,
            "droplet_agent": null,
            "graceful_shutdown": false,
            "id": "460087198",
            "image": "ubuntu-24-10-x64",
            "ipv4_address": "104.248.16.203",
            "ipv4_address_private": "10.114.0.4",
            "ipv6": false,
            "ipv6_address": "",
            "locked": false,
            "memory": 2048,
            "monitoring": false,
            "name": "monitoring",
            "price_hourly": 0.02679,
            "price_monthly": 18,
            "private_networking": true,
            "region": "fra1",
            "resize_disk": true,
            "size": "s-2vcpu-2gb",
            "ssh_keys": [
              "43544937"
            ],
            "status": "active",
            "tags": null,
            "timeouts": null,
            "urn": "do:droplet:460087198",
            "user_data": null,
            "vcpus": 2,
            "volume_ids": [],
            "vpc_uuid": "36908f00-21f9-465b-b025-6168e53456c5"
          },
          "sensitive_attributes": [],
          "private": "eyJlMmJmYjczMC1lY2FhLTExZTYtOGY4OC0zNDM2M2JjN2M0YzAiOnsiY3JlYXRlIjozNjAwMDAwMDAwMDAwLCJkZWxldGUiOjYwMDAwMDAwMDAwLCJ1cGRhdGUiOjM2MDAwMDAwMDAwMDB9LCJzY2hlbWFfdmVyc2lvbiI6IjEifQ==",
          "dependencies": [
            "data.digitalocean_ssh_key.devops"
          ]
        }
      ]
    },
    {
      "mode": "managed",
      "type": "digitalocean_firewall",
      "name": "app-production",
      "provider": "provider[\"registry.terraform.io/digitalocean/digitalocean\"]",
      "instances": [
        {
          "schema_version": 0,
          "attributes": {
            "created_at": "2024-11-26T17:35:08Z",
            "droplet_ids": [
              460087196
            ],
            "id": "ca319ca6-ecf3-4a95-9421-d563f8498b09",
            "inbound_rule": [
              {
                "port_range": "22",
                "protocol": "tcp",
                "source_addresses": [
                  "192.168.1.0/24",
                  "2002:1:2::/48"
                ],
                "source_droplet_ids": [],
                "source_kubernetes_ids": [],
                "source_load_balancer_uids": [],
                "source_tags": []
              },
              {
                "port_range": "3307",
                "protocol": "tcp",
                "source_addresses": [
                  "0.0.0.0/0",
                  "::/0"
                ],
                "source_droplet_ids": [],
                "source_kubernetes_ids": [],
                "source_load_balancer_uids": [],
                "source_tags": []
              },
              {
                "port_range": "443",
                "protocol": "tcp",
                "source_addresses": [
                  "0.0.0.0/0",
                  "::/0"
                ],
                "source_droplet_ids": [],
                "source_kubernetes_ids": [],
                "source_load_balancer_uids": [],
                "source_tags": []
              },
              {
                "port_range": "80",
                "protocol": "tcp",
                "source_addresses": [
                  "0.0.0.0/0",
                  "::/0"
                ],
                "source_droplet_ids": [],
                "source_kubernetes_ids": [],
                "source_load_balancer_uids": [],
                "source_tags": []
              },
              {
                "port_range": "9100",
                "protocol": "tcp",
                "source_addresses": [
                  "0.0.0.0/0",
                  "::/0"
                ],
                "source_droplet_ids": [],
                "source_kubernetes_ids": [],
                "source_load_balancer_uids": [],
                "source_tags": []
              }
            ],
            "name": "app-production-firewall",
            "outbound_rule": [
              {
                "destination_addresses": [
                  "0.0.0.0/0",
                  "::/0"
                ],
                "destination_droplet_ids": [],
                "destination_kubernetes_ids": [],
                "destination_load_balancer_uids": [],
                "destination_tags": [],
                "port_range": "",
                "protocol": "icmp"
              },
              {
                "destination_addresses": [
                  "0.0.0.0/0",
                  "::/0"
                ],
                "destination_droplet_ids": [],
                "destination_kubernetes_ids": [],
                "destination_load_balancer_uids": [],
                "destination_tags": [],
                "port_range": "1-65535",
                "protocol": "tcp"
              },
              {
                "destination_addresses": [
                  "0.0.0.0/0",
                  "::/0"
                ],
                "destination_droplet_ids": [],
                "destination_kubernetes_ids": [],
                "destination_load_balancer_uids": [],
                "destination_tags": [],
                "port_range": "1-65535",
                "protocol": "udp"
              }
            ],
            "pending_changes": [
              {
                "droplet_id": 460087196,
                "removing": false,
                "status": "waiting"
              }
            ],
            "status": "waiting",
            "tags": []
          },
          "sensitive_attributes": [],
          "private": "bnVsbA==",
          "dependencies": [
            "data.digitalocean_ssh_key.devops",
            "digitalocean_droplet.app-production"
          ]
        }
      ]
    },
    {
      "mode": "managed",
      "type": "digitalocean_firewall",
      "name": "monitoring",
      "provider": "provider[\"registry.terraform.io/digitalocean/digitalocean\"]",
      "instances": [
        {
          "schema_version": 0,
          "attributes": {
            "created_at": "2024-11-26T17:51:57Z",
            "droplet_ids": [
              460087198
            ],
            "id": "f3420402-5fb9-4c09-ac7d-82cee0d19f17",
            "inbound_rule": [
              {
                "port_range": "22",
                "protocol": "tcp",
                "source_addresses": [
                  "192.168.1.0/24",
                  "2002:1:2::/48"
                ],
                "source_droplet_ids": [],
                "source_kubernetes_ids": [],
                "source_load_balancer_uids": [],
                "source_tags": []
              },
              {
                "port_range": "443",
                "protocol": "tcp",
                "source_addresses": [
                  "0.0.0.0/0",
                  "::/0"
                ],
                "source_droplet_ids": [],
                "source_kubernetes_ids": [],
                "source_load_balancer_uids": [],
                "source_tags": []
              },
              {
                "port_range": "80",
                "protocol": "tcp",
                "source_addresses": [
                  "0.0.0.0/0",
                  "::/0"
                ],
                "source_droplet_ids": [],
                "source_kubernetes_ids": [],
                "source_load_balancer_uids": [],
                "source_tags": []
              }
            ],
            "name": "monitoring-firewall",
            "outbound_rule": [
              {
                "destination_addresses": [
                  "0.0.0.0/0",
                  "::/0"
                ],
                "destination_droplet_ids": [],
                "destination_kubernetes_ids": [],
                "destination_load_balancer_uids": [],
                "destination_tags": [],
                "port_range": "",
                "protocol": "icmp"
              },
              {
                "destination_addresses": [
                  "0.0.0.0/0",
                  "::/0"
                ],
                "destination_droplet_ids": [],
                "destination_kubernetes_ids": [],
                "destination_load_balancer_uids": [],
                "destination_tags": [],
                "port_range": "1-65535",
                "protocol": "tcp"
              },
              {
                "destination_addresses": [
                  "0.0.0.0/0",
                  "::/0"
                ],
                "destination_droplet_ids": [],
                "destination_kubernetes_ids": [],
                "destination_load_balancer_uids": [],
                "destination_tags": [],
                "port_range": "1-65535",
                "protocol": "udp"
              }
            ],
            "pending_changes": [
              {
                "droplet_id": 460087198,
                "removing": false,
                "status": "waiting"
              }
            ],
            "status": "waiting",
            "tags": null
          },
          "sensitive_attributes": [],
          "private": "bnVsbA==",
          "dependencies": [
            "data.digitalocean_ssh_key.devops",
            "digitalocean_droplet.monitoring"
          ]
        }
      ]
    },
    {
      "mode": "managed",
      "type": "digitalocean_reserved_ip",
      "name": "app-production-ip",
      "provider": "provider[\"registry.terraform.io/digitalocean/digitalocean\"]",
      "instances": [
        {
          "schema_version": 0,
          "attributes": {
            "droplet_id": 460087196,
            "id": "206.189.249.236",
            "ip_address": "206.189.249.236",
            "region": "fra1",
            "urn": "do:reservedip:206.189.249.236"
          },
          "sensitive_attributes": [],
          "private": "bnVsbA==",
          "dependencies": [
            "data.digitalocean_ssh_key.devops",
            "digitalocean_droplet.app-production"
          ]
        }
      ]
    },
    {
      "mode": "managed",
      "type": "digitalocean_reserved_ip",
      "name": "monitoring-ip",
      "provider": "provider[\"registry.terraform.io/digitalocean/digitalocean\"]",
      "instances": [
        {
          "schema_version": 0,
          "attributes": {
            "droplet_id": 460087198,
            "id": "209.38.185.107",
            "ip_address": "209.38.185.107",
            "region": "fra1",
            "urn": "do:reservedip:209.38.185.107"
          },
          "sensitive_attributes": [],
          "private": "bnVsbA==",
          "dependencies": [
            "data.digitalocean_ssh_key.devops",
            "digitalocean_droplet.monitoring"
          ]
        }
      ]
    }
  ],
  "check_results": null
}
